// !$*UTF8*$!
{
	archiveVersion = 1;
	classes = {
	};
	objectVersion = 55;
	objects = {

/* Begin PBXBuildFile section */
		642F32B4285D7E43002752C7 /* ImageTutorial.swift in Sources */ = {isa = PBXBuildFile; fileRef = 642F32B3285D7E43002752C7 /* ImageTutorial.swift */; };
		642F32BA285D8101002752C7 /* Resources.bundle in Resources */ = {isa = PBXBuildFile; fileRef = 642F32B9285D8101002752C7 /* Resources.bundle */; };
		6438005E285D568F007852F9 /* TextTutorial.swift in Sources */ = {isa = PBXBuildFile; fileRef = 6438005D285D568F007852F9 /* TextTutorial.swift */; };
		64380060285D6258007852F9 /* ButtonTutorial.swift in Sources */ = {isa = PBXBuildFile; fileRef = 6438005F285D6258007852F9 /* ButtonTutorial.swift */; };
		64380062285D7260007852F9 /* TextFieldTutorial.swift in Sources */ = {isa = PBXBuildFile; fileRef = 64380061285D7260007852F9 /* TextFieldTutorial.swift */; };
		64C54264285C300500F59CA2 /* SwiftUIBaseApp.swift in Sources */ = {isa = PBXBuildFile; fileRef = 64C54263285C300500F59CA2 /* SwiftUIBaseApp.swift */; };
		64C54266285C300500F59CA2 /* ContentView.swift in Sources */ = {isa = PBXBuildFile; fileRef = 64C54265285C300500F59CA2 /* ContentView.swift */; };
		64C54268285C300700F59CA2 /* Assets.xcassets in Resources */ = {isa = PBXBuildFile; fileRef = 64C54267285C300700F59CA2 /* Assets.xcassets */; };
		64C5426B285C300700F59CA2 /* Preview Assets.xcassets in Resources */ = {isa = PBXBuildFile; fileRef = 64C5426A285C300700F59CA2 /* Preview Assets.xcassets */; };
		A4465DBB295C122500962945 /* LabelTutorial.swift in Sources */ = {isa = PBXBuildFile; fileRef = A4465DBA295C122500962945 /* LabelTutorial.swift */; };
/* End PBXBuildFile section */

/* Begin PBXFileReference section */
		642F32B3285D7E43002752C7 /* ImageTutorial.swift */ = {isa = PBXFileReference; lastKnownFileType = sourcecode.swift; path = ImageTutorial.swift; sourceTree = "<group>"; };
		642F32B9285D8101002752C7 /* Resources.bundle */ = {isa = PBXFileReference; lastKnownFileType = "wrapper.plug-in"; path = Resources.bundle; sourceTree = "<group>"; };
		6438005D285D568F007852F9 /* TextTutorial.swift */ = {isa = PBXFileReference; lastKnownFileType = sourcecode.swift; path = TextTutorial.swift; sourceTree = "<group>"; };
		6438005F285D6258007852F9 /* ButtonTutorial.swift */ = {isa = PBXFileReference; lastKnownFileType = sourcecode.swift; path = ButtonTutorial.swift; sourceTree = "<group>"; };
		64380061285D7260007852F9 /* TextFieldTutorial.swift */ = {isa = PBXFileReference; lastKnownFileType = sourcecode.swift; path = TextFieldTutorial.swift; sourceTree = "<group>"; };
		64C54260285C300500F59CA2 /* SwiftUIBase.app */ = {isa = PBXFileReference; explicitFileType = wrapper.application; includeInIndex = 0; path = SwiftUIBase.app; sourceTree = BUILT_PRODUCTS_DIR; };
		64C54263285C300500F59CA2 /* SwiftUIBaseApp.swift */ = {isa = PBXFileReference; lastKnownFileType = sourcecode.swift; path = SwiftUIBaseApp.swift; sourceTree = "<group>"; };
		64C54265285C300500F59CA2 /* ContentView.swift */ = {isa = PBXFileReference; lastKnownFileType = sourcecode.swift; path = ContentView.swift; sourceTree = "<group>"; };
		64C54267285C300700F59CA2 /* Assets.xcassets */ = {isa = PBXFileReference; lastKnownFileType = folder.assetcatalog; path = Assets.xcassets; sourceTree = "<group>"; };
		64C5426A285C300700F59CA2 /* Preview Assets.xcassets */ = {isa = PBXFileReference; lastKnownFileType = folder.assetcatalog; path = "Preview Assets.xcassets"; sourceTree = "<group>"; };
		A4465DBA295C122500962945 /* LabelTutorial.swift */ = {isa = PBXFileReference; lastKnownFileType = sourcecode.swift; path = LabelTutorial.swift; sourceTree = "<group>"; };
/* End PBXFileReference section */

/* Begin PBXFrameworksBuildPhase section */
		64C5425D285C300500F59CA2 /* Frameworks */ = {
			isa = PBXFrameworksBuildPhase;
			buildActionMask = 2147483647;
			files = (
			);
			runOnlyForDeploymentPostprocessing = 0;
		};
/* End PBXFrameworksBuildPhase section */

/* Begin PBXGroup section */
		64C54257285C300500F59CA2 = {
			isa = PBXGroup;
			children = (
				64C54262285C300500F59CA2 /* SwiftUIBase */,
				64C54261285C300500F59CA2 /* Products */,
			);
			sourceTree = "<group>";
		};
		64C54261285C300500F59CA2 /* Products */ = {
			isa = PBXGroup;
			children = (
				64C54260285C300500F59CA2 /* SwiftUIBase.app */,
			);
			name = Products;
			sourceTree = "<group>";
		};
		64C54262285C300500F59CA2 /* SwiftUIBase */ = {
			isa = PBXGroup;
			children = (
				64C54263285C300500F59CA2 /* SwiftUIBaseApp.swift */,
				64C54265285C300500F59CA2 /* ContentView.swift */,
				6438005D285D568F007852F9 /* TextTutorial.swift */,
				6438005F285D6258007852F9 /* ButtonTutorial.swift */,
				64380061285D7260007852F9 /* TextFieldTutorial.swift */,
				A4465DBA295C122500962945 /* LabelTutorial.swift */,
				642F32B3285D7E43002752C7 /* ImageTutorial.swift */,
				64C54267285C300700F59CA2 /* Assets.xcassets */,
				642F32B9285D8101002752C7 /* Resources.bundle */,
				64C54269285C300700F59CA2 /* Preview Content */,
			);
			path = SwiftUIBase;
			sourceTree = "<group>";
		};
		64C54269285C300700F59CA2 /* Preview Content */ = {
			isa = PBXGroup;
			children = (
				64C5426A285C300700F59CA2 /* Preview Assets.xcassets */,
			);
			path = "Preview Content";
			sourceTree = "<group>";
		};
/* End PBXGroup section */

/* Begin PBXNativeTarget section */
		64C5425F285C300500F59CA2 /* SwiftUIBase */ = {
			isa = PBXNativeTarget;
			buildConfigurationList = 64C5426E285C300700F59CA2 /* Build configuration list for PBXNativeTarget "SwiftUIBase" */;
			buildPhases = (
				64C5425C285C300500F59CA2 /* Sources */,
				64C5425D285C300500F59CA2 /* Frameworks */,
				64C5425E285C300500F59CA2 /* Resources */,
			);
			buildRules = (
			);
			dependencies = (
			);
			name = SwiftUIBase;
			productName = SwiftUIBase;
			productReference = 64C54260285C300500F59CA2 /* SwiftUIBase.app */;
			productType = "com.apple.product-type.application";
		};
/* End PBXNativeTarget section */

/* Begin PBXProject section */
		64C54258285C300500F59CA2 /* Project object */ = {
			isa = PBXProject;
			attributes = {
				BuildIndependentTargetsInParallel = 1;
				LastSwiftUpdateCheck = 1330;
				LastUpgradeCheck = 1330;
				TargetAttributes = {
					64C5425F285C300500F59CA2 = {
						CreatedOnToolsVersion = 13.3;
					};
				};
			};
			buildConfigurationList = 64C5425B285C300500F59CA2 /* Build configuration list for PBXProject "SwiftUIBase" */;
			compatibilityVersion = "Xcode 13.0";
			developmentRegion = en;
			hasScannedForEncodings = 0;
			knownRegions = (
				en,
				Base,
			);
			mainGroup = 64C54257285C300500F59CA2;
			productRefGroup = 64C54261285C300500F59CA2 /* Products */;
			projectDirPath = "";
			projectRoot = "";
			targets = (
				64C5425F285C300500F59CA2 /* SwiftUIBase */,
			);
		};
/* End PBXProject section */

/* Begin PBXResourcesBuildPhase section */
		64C5425E285C300500F59CA2 /* Resources */ = {
			isa = PBXResourcesBuildPhase;
			buildActionMask = 2147483647;
			files = (
				64C5426B285C300700F59CA2 /* Preview Assets.xcassets in Resources */,
				642F32BA285D8101002752C7 /* Resources.bundle in Resources */,
				64C54268285C300700F59CA2 /* Assets.xcassets in Resources */,
			);
			runOnlyForDeploymentPostprocessing = 0;
		};
/* End PBXResourcesBuildPhase section */

/* Begin PBXSourcesBuildPhase section */
		64C5425C285C300500F59CA2 /* Sources */ = {
			isa = PBXSourcesBuildPhase;
			buildActionMask = 2147483647;
			files = (
				64C54266285C300500F59CA2 /* ContentView.swift in Sources */,
				6438005E285D568F007852F9 /* TextTutorial.swift in Sources */,
				64380062285D7260007852F9 /* TextFieldTutorial.swift in Sources */,
				642F32B4285D7E43002752C7 /* ImageTutorial.swift in Sources */,
				A4465DBB295C122500962945 /* LabelTutorial.swift in Sources */,
				64C54264285C300500F59CA2 /* SwiftUIBaseApp.swift in Sources */,
				64380060285D6258007852F9 /* ButtonTutorial.swift in Sources */,
			);
			runOnlyForDeploymentPostprocessing = 0;
		};
/* End PBXSourcesBuildPhase section */

/* Begin XCBuildConfiguration section */
		64C5426C285C300700F59CA2 /* Debug */ = {
			isa = XCBuildConfiguration;
			buildSettings = {
				ALWAYS_SEARCH_USER_PATHS = NO;
				CLANG_ANALYZER_NONNULL = YES;
				CLANG_ANALYZER_NUMBER_OBJECT_CONVERSION = YES_AGGRESSIVE;
				CLANG_CXX_LANGUAGE_STANDARD = "gnu++17";
				CLANG_ENABLE_MODULES = YES;
				CLANG_ENABLE_OBJC_ARC = YES;
				CLANG_ENABLE_OBJC_WEAK = YES;
				CLANG_WARN_BLOCK_CAPTURE_AUTORELEASING = YES;
				CLANG_WARN_BOOL_CONVERSION = YES;
				CLANG_WARN_COMMA = YES;
				CLANG_WARN_CONSTANT_CONVERSION = YES;
				CLANG_WARN_DEPRECATED_OBJC_IMPLEMENTATIONS = YES;
				CLANG_WARN_DIRECT_OBJC_ISA_USAGE = YES_ERROR;
				CLANG_WARN_DOCUMENTATION_COMMENTS = YES;
				CLANG_WARN_EMPTY_BODY = YES;
				CLANG_WARN_ENUM_CONVERSION = YES;
				CLANG_WARN_INFINITE_RECURSION = YES;
				CLANG_WARN_INT_CONVERSION = YES;
				CLANG_WARN_NON_LITERAL_NULL_CONVERSION = YES;
				CLANG_WARN_OBJC_IMPLICIT_RETAIN_SELF = YES;
				CLANG_WARN_OBJC_LITERAL_CONVERSION = YES;
				CLANG_WARN_OBJC_ROOT_CLASS = YES_ERROR;
				CLANG_WARN_QUOTED_INCLUDE_IN_FRAMEWORK_HEADER = YES;
				CLANG_WARN_RANGE_LOOP_ANALYSIS = YES;
				CLANG_WARN_STRICT_PROTOTYPES = YES;
				CLANG_WARN_SUSPICIOUS_MOVE = YES;
				CLANG_WARN_UNGUARDED_AVAILABILITY = YES_AGGRESSIVE;
				CLANG_WARN_UNREACHABLE_CODE = YES;
				CLANG_WARN__DUPLICATE_METHOD_MATCH = YES;
				COPY_PHASE_STRIP = NO;
				DEBUG_INFORMATION_FORMAT = dwarf;
				ENABLE_STRICT_OBJC_MSGSEND = YES;
				ENABLE_TESTABILITY = YES;
				GCC_C_LANGUAGE_STANDARD = gnu11;
				GCC_DYNAMIC_NO_PIC = NO;
				GCC_NO_COMMON_BLOCKS = YES;
				GCC_OPTIMIZATION_LEVEL = 0;
				GCC_PREPROCESSOR_DEFINITIONS = (
					"DEBUG=1",
					"$(inherited)",
				);
				GCC_WARN_64_TO_32_BIT_CONVERSION = YES;
				GCC_WARN_ABOUT_RETURN_TYPE = YES_ERROR;
				GCC_WARN_UNDECLARED_SELECTOR = YES;
				GCC_WARN_UNINITIALIZED_AUTOS = YES_AGGRESSIVE;
				GCC_WARN_UNUSED_FUNCTION = YES;
				GCC_WARN_UNUSED_VARIABLE = YES;
				IPHONEOS_DEPLOYMENT_TARGET = 15.4;
				MTL_ENABLE_DEBUG_INFO = INCLUDE_SOURCE;
				MTL_FAST_MATH = YES;
				ONLY_ACTIVE_ARCH = YES;
				SDKROOT = iphoneos;
				SWIFT_ACTIVE_COMPILATION_CONDITIONS = DEBUG;
				SWIFT_OPTIMIZATION_LEVEL = "-Onone";
			};
			name = Debug;
		};
		64C5426D285C300700F59CA2 /* Release */ = {
			isa = XCBuildConfiguration;
			buildSettings = {
				ALWAYS_SEARCH_USER_PATHS = NO;
				CLANG_ANALYZER_NONNULL = YES;
				CLANG_ANALYZER_NUMBER_OBJECT_CONVERSION = YES_AGGRESSIVE;
				CLANG_CXX_LANGUAGE_STANDARD = "gnu++17";
				CLANG_ENABLE_MODULES = YES;
				CLANG_ENABLE_OBJC_ARC = YES;
				CLANG_ENABLE_OBJC_WEAK = YES;
				CLANG_WARN_BLOCK_CAPTURE_AUTORELEASING = YES;
				CLANG_WARN_BOOL_CONVERSION = YES;
				CLANG_WARN_COMMA = YES;
				CLANG_WARN_CONSTANT_CONVERSION = YES;
				CLANG_WARN_DEPRECATED_OBJC_IMPLEMENTATIONS = YES;
				CLANG_WARN_DIRECT_OBJC_ISA_USAGE = YES_ERROR;
				CLANG_WARN_DOCUMENTATION_COMMENTS = YES;
				CLANG_WARN_EMPTY_BODY = YES;
				CLANG_WARN_ENUM_CONVERSION = YES;
				CLANG_WARN_INFINITE_RECURSION = YES;
				CLANG_WARN_INT_CONVERSION = YES;
				CLANG_WARN_NON_LITERAL_NULL_CONVERSION = YES;
				CLANG_WARN_OBJC_IMPLICIT_RETAIN_SELF = YES;
				CLANG_WARN_OBJC_LITERAL_CONVERSION = YES;
				CLANG_WARN_OBJC_ROOT_CLASS = YES_ERROR;
				CLANG_WARN_QUOTED_INCLUDE_IN_FRAMEWORK_HEADER = YES;
				CLANG_WARN_RANGE_LOOP_ANALYSIS = YES;
				CLANG_WARN_STRICT_PROTOTYPES = YES;
				CLANG_WARN_SUSPICIOUS_MOVE = YES;
				CLANG_WARN_UNGUARDED_AVAILABILITY = YES_AGGRESSIVE;
				CLANG_WARN_UNREACHABLE_CODE = YES;
				CLANG_WARN__DUPLICATE_METHOD_MATCH = YES;
				COPY_PHASE_STRIP = NO;
				DEBUG_INFORMATION_FORMAT = "dwarf-with-dsym";
				ENABLE_NS_ASSERTIONS = NO;
				ENABLE_STRICT_OBJC_MSGSEND = YES;
				GCC_C_LANGUAGE_STANDARD = gnu11;
				GCC_NO_COMMON_BLOCKS = YES;
				GCC_WARN_64_TO_32_BIT_CONVERSION = YES;
				GCC_WARN_ABOUT_RETURN_TYPE = YES_ERROR;
				GCC_WARN_UNDECLARED_SELECTOR = YES;
				GCC_WARN_UNINITIALIZED_AUTOS = YES_AGGRESSIVE;
				GCC_WARN_UNUSED_FUNCTION = YES;
				GCC_WARN_UNUSED_VARIABLE = YES;
				IPHONEOS_DEPLOYMENT_TARGET = 15.4;
				MTL_ENABLE_DEBUG_INFO = NO;
				MTL_FAST_MATH = YES;
				SDKROOT = iphoneos;
				SWIFT_COMPILATION_MODE = wholemodule;
				SWIFT_OPTIMIZATION_LEVEL = "-O";
				VALIDATE_PRODUCT = YES;
			};
			name = Release;
		};
		64C5426F285C300700F59CA2 /* Debug */ = {
			isa = XCBuildConfiguration;
			buildSettings = {
				ASSETCATALOG_COMPILER_APPICON_NAME = AppIcon;
				ASSETCATALOG_COMPILER_GLOBAL_ACCENT_COLOR_NAME = AccentColor;
				CODE_SIGN_STYLE = Automatic;
				CURRENT_PROJECT_VERSION = 1;
				DEVELOPMENT_ASSET_PATHS = "\"SwiftUIBase/Preview Content\"";
				DEVELOPMENT_TEAM = Q9YCK2NA4J;
				ENABLE_PREVIEWS = YES;
				GENERATE_INFOPLIST_FILE = YES;
				INFOPLIST_KEY_UIApplicationSceneManifest_Generation = YES;
				INFOPLIST_KEY_UIApplicationSupportsIndirectInputEvents = YES;
				INFOPLIST_KEY_UILaunchScreen_Generation = YES;
				INFOPLIST_KEY_UISupportedInterfaceOrientations_iPad = "UIInterfaceOrientationPortrait UIInterfaceOrientationPortraitUpsideDown UIInterfaceOrientationLandscapeLeft UIInterfaceOrientationLandscapeRight";
				INFOPLIST_KEY_UISupportedInterfaceOrientations_iPhone = "UIInterfaceOrientationPortrait UIInterfaceOrientationLandscapeLeft UIInterfaceOrientationLandscapeRight";
				LD_RUNPATH_SEARCH_PATHS = (
					"$(inherited)",
					"@executable_path/Frameworks",
				);
				MARKETING_VERSION = 1.0;
				PRODUCT_BUNDLE_IDENTIFIER = com.app.SwiftUIBase;
				PRODUCT_NAME = "$(TARGET_NAME)";
				SWIFT_EMIT_LOC_STRINGS = YES;
				SWIFT_VERSION = 5.0;
				TARGETED_DEVICE_FAMILY = "1,2";
			};
			name = Debug;
		};
		64C54270285C300700F59CA2 /* Release */ = {
			isa = XCBuildConfiguration;
			buildSettings = {
				ASSETCATALOG_COMPILER_APPICON_NAME = AppIcon;
				ASSETCATALOG_COMPILER_GLOBAL_ACCENT_COLOR_NAME = AccentColor;
				CODE_SIGN_STYLE = Automatic;
				CURRENT_PROJECT_VERSION = 1;
				DEVELOPMENT_ASSET_PATHS = "\"SwiftUIBase/Preview Content\"";
				DEVELOPMENT_TEAM = Q9YCK2NA4J;
				ENABLE_PREVIEWS = YES;
				GENERATE_INFOPLIST_FILE = YES;
				INFOPLIST_KEY_UIApplicationSceneManifest_Generation = YES;
				INFOPLIST_KEY_UIApplicationSupportsIndirectInputEvents = YES;
				INFOPLIST_KEY_UILaunchScreen_Generation = YES;
				INFOPLIST_KEY_UISupportedInterfaceOrientations_iPad = "UIInterfaceOrientationPortrait UIInterfaceOrientationPortraitUpsideDown UIInterfaceOrientationLandscapeLeft UIInterfaceOrientationLandscapeRight";
				INFOPLIST_KEY_UISupportedInterfaceOrientations_iPhone = "UIInterfaceOrientationPortrait UIInterfaceOrientationLandscapeLeft UIInterfaceOrientationLandscapeRight";
				LD_RUNPATH_SEARCH_PATHS = (
					"$(inherited)",
					"@executable_path/Frameworks",
				);
				MARKETING_VERSION = 1.0;
				PRODUCT_BUNDLE_IDENTIFIER = com.app.SwiftUIBase;
				PRODUCT_NAME = "$(TARGET_NAME)";
				SWIFT_EMIT_LOC_STRINGS = YES;
				SWIFT_VERSION = 5.0;
				TARGETED_DEVICE_FAMILY = "1,2";
			};
			name = Release;
		};
/* End XCBuildConfiguration section */

/* Begin XCConfigurationList section */
		64C5425B285C300500F59CA2 /* Build configuration list for PBXProject "SwiftUIBase" */ = {
			isa = XCConfigurationList;
			buildConfigurations = (
				64C5426C285C300700F59CA2 /* Debug */,
				64C5426D285C300700F59CA2 /* Release */,
			);
			defaultConfigurationIsVisible = 0;
			defaultConfigurationName = Release;
		};
		64C5426E285C300700F59CA2 /* Build configuration list for PBXNativeTarget "SwiftUIBase" */ = {
			isa = XCConfigurationList;
			buildConfigurations = (
				64C5426F285C300700F59CA2 /* Debug */,
				64C54270285C300700F59CA2 /* Release */,
			);
			defaultConfigurationIsVisible = 0;
			defaultConfigurationName = Release;
		};
/* End XCConfigurationList section */
	};
	rootObject = 64C54258285C300500F59CA2 /* Project object */;
}
